<Solution>
  <Folder Name="/01 Core/">
    <Project Path="Core.Api/Core.Api.csproj" Id="37888c72-cdc8-463a-9490-00fccc887ffa" />
    <Project Path="Core.App/Core.App.csproj" Id="e915ef5d-c732-4c8b-8e80-aea500fbfa9e">
      <Deploy Solution="Debug|*" />
    </Project>
    <Project Path="Core.React/Core.React.csproj" Id="e57bd133-ea72-4668-afb2-e6fdacdc1200" />
    <Project Path="Core.Web/Core.Web.csproj" Id="1b9f07a5-b651-443e-805a-222a5355fabb" />
  </Folder>
  <Folder Name="/02 Services/">
    <Project Path="Service.Api/Service.Api.csproj" Id="b0b81b2d-871f-4db1-95a7-c72f838cfb79" />
  </Folder>
  <Folder Name="/03 Logic/">
    <Project Path="Logic.Administration/Logic.Administration.csproj" Id="73b74bd9-d946-4cfe-bbe1-8f753aba2e46" />
    <Project Path="Logic.AuthenticationService/Logic.AuthenticationService.csproj" Id="a48d4291-d021-4a1f-a5b0-9c3d1c2b4535" />
    <Project Path="Logic.Database/Logic.Database.csproj" Id="7ea198dd-3109-44d2-8f3c-a3459945a410" />
    <Project Path="Logic.Import/Logic.Import.csproj" Id="506e4894-e82f-424b-b5b7-2cdf695d9f30" />
    <Project Path="Logic.Learning/Logic.Learning.csproj" Id="6ac96e8c-153e-4b8f-8150-5c6af7f41c33" />
    <Project Path="Logic.Shared/Logic.Shared.csproj" Id="9d50a457-a5b9-4fbe-84e9-37b802da3069" />
  </Folder>
  <Folder Name="/04 Data/">
    <Project Path="Data.Entities/Data.Entities.csproj" Id="aa8d7db9-e567-4e26-b77b-1cc85b594904" />
    <Project Path="Data.MySqlContext/Data.MySqlContext.csproj" Id="114259d5-bdc2-476c-b2ed-94a3fc881444" />
    <Project Path="Data.Shared/Data.Shared.csproj" Id="3924a35c-4bbf-4f47-b3a8-0e2b06a67c28" />
    <Project Path="Data.SqliteContext/Data.SqliteContext.csproj" Id="718a23bc-d58c-408e-9960-6dbebcca7475" />
  </Folder>
  <Folder Name="/05 Shared/">
    <Project Path="Shared.Enums/Shared.Enums.csproj" Id="0d30ad72-93a9-4536-b229-cda61bedda34" />
    <Project Path="Shared.Models/Shared.Models.csproj" Id="18a7a325-c39e-4e52-a9f9-618063ebc665" />
    <Project Path="Shared.Resources/Shared.Resources.csproj" Id="fe520bb5-24af-4170-8b52-7bebc5442229" />
  </Folder>
</Solution>
